{
	"archiveVersion" = "1";
	"classes" =
		{
		};
	"objectVersion" = "46";
	"objects" =
		{
			"100000000000000000000002" =
				{
					"isa" = "PBXGroup";
					"children" =
						("147932594D53443A898E71B1", "5FB51FB43EE34DEE8BFE0877");
					"sourceTree" = "<group>";
				};
			"100000000000000000000006" =
				{
					"isa" = "PBXNativeTarget";
					"buildPhases" =
						("100000000000000000000007");
					"buildRules" =
						();
					"dependencies" =
						();
					"name" = "test";
					"productName" = "test";
					"productType" = "com.apple.product-type.application";
				};
			"100000000000000000000001" =
				{
					"isa" = "PBXProject";
					"attributes" =
						{
							"LastUpgradeCheck" = "0620";
						};
					"buildConfigurationList" = "100000000000000000000003";
					"compatibilityVersion" = "Xcode 3.2";
					"developmentRegion" = "English";
					"hasScannedForEncodings" = "0";
					"knownRegions" =
						("en");
					"mainGroup" = "100000000000000000000002";
					"projectDirPath" = "";
					"projectRoot" = "";
					"targets" =
						("100000000000000000000006");
				};
			"100000000000000000000007" =
				{
					"isa" = "PBXSourcesBuildPhase";
					"buildActionMask" = "2147483647";
					"files" =
						();
					"runOnlyForDeploymentPostprocessing" = "0";
				};
			"100000000000000000000004" =
				{
					"isa" = "XCBuildConfiguration";
					"buildSettings" =
						{
							"INFOPLIST_FILE" = "/Users/truongps/libgdx-kotlin-pokemon/pokemon/ios/Info.plist.xml";
							"SDKROOT" = "iphoneos";
							"TARGETED_DEVICE_FAMILY" = "1,2";
							"GCC_PRECOMPILE_PREFIX_HEADER" = "YES";
							"GCC_PREFIX_HEADER" = "/Users/truongps/libgdx-kotlin-pokemon/pokemon/ios/robovm-build/xcode/.ib/Prefix.pch";
						};
					"name" = "Debug";
				};
			"100000000000000000000005" =
				{
					"isa" = "XCBuildConfiguration";
					"buildSettings" =
						{
							"INFOPLIST_FILE" = "/Users/truongps/libgdx-kotlin-pokemon/pokemon/ios/Info.plist.xml";
							"SDKROOT" = "iphoneos";
							"TARGETED_DEVICE_FAMILY" = "1,2";
							"GCC_PRECOMPILE_PREFIX_HEADER" = "YES";
							"GCC_PREFIX_HEADER" = "/Users/truongps/libgdx-kotlin-pokemon/pokemon/ios/robovm-build/xcode/.ib/Prefix.pch";
						};
					"name" = "Release";
				};
			"100000000000000000000003" =
				{
					"isa" = "XCConfigurationList";
					"buildConfigurations" =
						("100000000000000000000004", "100000000000000000000005");
					"defaultConfigurationIsVisible" = "0";
					"defaultConfigurationName" = "Release";
				};
			"147932594D53443A898E71B1" =
				{
					"isa" = "PBXGroup";
					"children" =
						("C37609076B5E4869B13E0BA3", "DCB779F246154B419EFE1699", "3558D28F91FF49178DE3214A",
 "5EDEAF4DAD6C415ABBE52F07", "C45177B4CED84CA0A01953B8", "2924C3EBB4A64856A444388E",
 "2A3AA860182049BDA625733A", "A1D918DE29524124B290558D", "5E2C776B7F7E434E97671B85",
 "A749777B60F149048F4DCC86", "7F760B42742A40EFA9900B99", "9E6A8C44297B4C3B91E28E8A",
 "9C34E8C533F94E6E83A175B6");
					"name" = "Resources";
					"sourceTree" = "<absolute>";
					"path" = "/Users/truongps/libgdx-kotlin-pokemon/pokemon/ios/data";
				};
			"6DEEFB5AC9C644EDAE2E1546" =
				{
					"isa" = "PBXFileReference";
					"name" = "Info.plist";
					"explicitFileType" = "text.plist.info";
					"sourceTree" = "<group>";
					"path" = "Info.plist.xml";
				};
			"5FB51FB43EE34DEE8BFE0877" =
				{
					"isa" = "PBXGroup";
					"children" =
						("6DEEFB5AC9C644EDAE2E1546");
					"name" = "Supporting Files";
					"sourceTree" = "<absolute>";
					"path" = "/Users/truongps/libgdx-kotlin-pokemon/pokemon/ios";
				};
			"3558D28F91FF49178DE3214A" =
				{
					"isa" = "PBXFileReference";
					"name" = "Default-375w-667h@2x.png";
					"lastKnownFileType" = "image.png";
					"sourceTree" = "<group>";
					"path" = "Default-375w-667h@2x.png";
				};
			"5EDEAF4DAD6C415ABBE52F07" =
				{
					"isa" = "PBXFileReference";
					"name" = "Default-414w-736h@3x.png";
					"lastKnownFileType" = "image.png";
					"sourceTree" = "<group>";
					"path" = "Default-414w-736h@3x.png";
				};
			"C45177B4CED84CA0A01953B8" =
				{
					"isa" = "PBXFileReference";
					"name" = "Default-568h@2x.png";
					"lastKnownFileType" = "image.png";
					"sourceTree" = "<group>";
					"path" = "Default-568h@2x.png";
				};
			"2924C3EBB4A64856A444388E" =
				{
					"isa" = "PBXFileReference";
					"name" = "Default.png";
					"lastKnownFileType" = "image.png";
					"sourceTree" = "<group>";
					"path" = "Default.png";
				};
			"2A3AA860182049BDA625733A" =
				{
					"isa" = "PBXFileReference";
					"name" = "Default@2x.png";
					"lastKnownFileType" = "image.png";
					"sourceTree" = "<group>";
					"path" = "Default@2x.png";
				};
			"A1D918DE29524124B290558D" =
				{
					"isa" = "PBXFileReference";
					"name" = "Default@2x~ipad.png";
					"lastKnownFileType" = "image.png";
					"sourceTree" = "<group>";
					"path" = "Default@2x~ipad.png";
				};
			"5E2C776B7F7E434E97671B85" =
				{
					"isa" = "PBXFileReference";
					"name" = "Default~ipad.png";
					"lastKnownFileType" = "image.png";
					"sourceTree" = "<group>";
					"path" = "Default~ipad.png";
				};
			"A749777B60F149048F4DCC86" =
				{
					"isa" = "PBXFileReference";
					"name" = "Icon-72.png";
					"lastKnownFileType" = "image.png";
					"sourceTree" = "<group>";
					"path" = "Icon-72.png";
				};
			"7F760B42742A40EFA9900B99" =
				{
					"isa" = "PBXFileReference";
					"name" = "Icon-72@2x.png";
					"lastKnownFileType" = "image.png";
					"sourceTree" = "<group>";
					"path" = "Icon-72@2x.png";
				};
			"9E6A8C44297B4C3B91E28E8A" =
				{
					"isa" = "PBXFileReference";
					"name" = "Icon.png";
					"lastKnownFileType" = "image.png";
					"sourceTree" = "<group>";
					"path" = "Icon.png";
				};
			"9C34E8C533F94E6E83A175B6" =
				{
					"isa" = "PBXFileReference";
					"name" = "Icon@2x.png";
					"lastKnownFileType" = "image.png";
					"sourceTree" = "<group>";
					"path" = "Icon@2x.png";
				};
			"A0A876C8EAA64EFE91F16676" =
				{
					"isa" = "PBXFileReference";
					"name" = "background.png";
					"lastKnownFileType" = "image.png";
					"sourceTree" = "<group>";
					"path" = "background.png";
				};
			"C37609076B5E4869B13E0BA3" =
				{
					"isa" = "PBXGroup";
					"children" =
						("81A08344A9C14D59B81909B8");
					"name" = "atlas";
					"sourceTree" = "<group>";
					"path" = "atlas";
				};
			"81A08344A9C14D59B81909B8" =
				{
					"isa" = "PBXGroup";
					"children" =
						("A0A876C8EAA64EFE91F16676", "6BDDA8757424489EAA28E9D5", "01468C9CB0D24074B3407220",
 "EF3EDF924C44419A96FE732F", "D6DEB9D40F504B079C23E4DD", "2A3A5ED3F6F74A699831C95A",
 "3D2F5B6519C64389B11AE553", "81C16DDEC17E483784153093", "9EB3C341AB954FD9B99E6C7F",
 "5286BA0DC0E348A09AE548E5");
					"name" = "640960";
					"sourceTree" = "<group>";
					"path" = "640960";
				};
			"6BDDA8757424489EAA28E9D5" =
				{
					"isa" = "PBXFileReference";
					"name" = "background2.png";
					"lastKnownFileType" = "image.png";
					"sourceTree" = "<group>";
					"path" = "background2.png";
				};
			"01468C9CB0D24074B3407220" =
				{
					"isa" = "PBXFileReference";
					"name" = "background3.png";
					"lastKnownFileType" = "image.png";
					"sourceTree" = "<group>";
					"path" = "background3.png";
				};
			"EF3EDF924C44419A96FE732F" =
				{
					"isa" = "PBXFileReference";
					"name" = "helps.png";
					"lastKnownFileType" = "image.png";
					"sourceTree" = "<group>";
					"path" = "helps.png";
				};
			"D6DEB9D40F504B079C23E4DD" =
				{
					"isa" = "PBXFileReference";
					"name" = "helps2.png";
					"lastKnownFileType" = "image.png";
					"sourceTree" = "<group>";
					"path" = "helps2.png";
				};
			"2A3A5ED3F6F74A699831C95A" =
				{
					"isa" = "PBXFileReference";
					"name" = "helps3.png";
					"lastKnownFileType" = "image.png";
					"sourceTree" = "<group>";
					"path" = "helps3.png";
				};
			"3D2F5B6519C64389B11AE553" =
				{
					"isa" = "PBXFileReference";
					"name" = "helps4.png";
					"lastKnownFileType" = "image.png";
					"sourceTree" = "<group>";
					"path" = "helps4.png";
				};
			"81C16DDEC17E483784153093" =
				{
					"isa" = "PBXFileReference";
					"name" = "pokemons.png";
					"lastKnownFileType" = "image.png";
					"sourceTree" = "<group>";
					"path" = "pokemons.png";
				};
			"9EB3C341AB954FD9B99E6C7F" =
				{
					"isa" = "PBXFileReference";
					"name" = "uis.png";
					"lastKnownFileType" = "image.png";
					"sourceTree" = "<group>";
					"path" = "uis.png";
				};
			"5286BA0DC0E348A09AE548E5" =
				{
					"isa" = "PBXFileReference";
					"name" = "uis2.png";
					"lastKnownFileType" = "image.png";
					"sourceTree" = "<group>";
					"path" = "uis2.png";
				};
			"52B606810C0646F0AB69FC03" =
				{
					"isa" = "PBXFileReference";
					"name" = "default.png";
					"lastKnownFileType" = "image.png";
					"sourceTree" = "<group>";
					"path" = "default.png";
				};
			"DCB779F246154B419EFE1699" =
				{
					"isa" = "PBXGroup";
					"children" =
						("52B606810C0646F0AB69FC03", "35F64ECC25254FE3B27FBF1A");
					"name" = "fonts";
					"sourceTree" = "<group>";
					"path" = "fonts";
				};
			"35F64ECC25254FE3B27FBF1A" =
				{
					"isa" = "PBXFileReference";
					"name" = "font.png";
					"lastKnownFileType" = "image.png";
					"sourceTree" = "<group>";
					"path" = "font.png";
				};
		};
	"rootObject" = "100000000000000000000001";
}
