{
	"archiveVersion" = "1";
	"classes" =
		{
		};
	"objectVersion" = "46";
	"objects" =
		{
			"100000000000000000000002" =
				{
					"isa" = "PBXGroup";
					"children" =
						("147932594D53443A898E71B1", "5FB51FB43EE34DEE8BFE0877");
					"sourceTree" = "<group>";
				};
			"100000000000000000000006" =
				{
					"isa" = "PBXNativeTarget";
					"buildPhases" =
						("100000000000000000000007");
					"buildRules" =
						();
					"dependencies" =
						();
					"name" = "test";
					"productName" = "test";
					"productType" = "com.apple.product-type.application";
				};
			"100000000000000000000001" =
				{
					"isa" = "PBXProject";
					"attributes" =
						{
							"LastUpgradeCheck" = "0620";
						};
					"buildConfigurationList" = "100000000000000000000003";
					"compatibilityVersion" = "Xcode 3.2";
					"developmentRegion" = "English";
					"hasScannedForEncodings" = "0";
					"knownRegions" =
						("en");
					"mainGroup" = "100000000000000000000002";
					"projectDirPath" = "";
					"projectRoot" = "";
					"targets" =
						("100000000000000000000006");
				};
			"100000000000000000000007" =
				{
					"isa" = "PBXSourcesBuildPhase";
					"buildActionMask" = "2147483647";
					"files" =
						();
					"runOnlyForDeploymentPostprocessing" = "0";
				};
			"100000000000000000000004" =
				{
					"isa" = "XCBuildConfiguration";
					"buildSettings" =
						{
							"INFOPLIST_FILE" = "/Users/truongps/libgdx-kotlin-pokemon/pokemon/ios/Info.plist.xml";
							"SDKROOT" = "iphoneos";
							"TARGETED_DEVICE_FAMILY" = "1,2";
							"GCC_PRECOMPILE_PREFIX_HEADER" = "YES";
							"GCC_PREFIX_HEADER" = "/Users/truongps/libgdx-kotlin-pokemon/pokemon/ios/robovm-build/xcode/.ib/Prefix.pch";
						};
					"name" = "Debug";
				};
			"100000000000000000000005" =
				{
					"isa" = "XCBuildConfiguration";
					"buildSettings" =
						{
							"INFOPLIST_FILE" = "/Users/truongps/libgdx-kotlin-pokemon/pokemon/ios/Info.plist.xml";
							"SDKROOT" = "iphoneos";
							"TARGETED_DEVICE_FAMILY" = "1,2";
							"GCC_PRECOMPILE_PREFIX_HEADER" = "YES";
							"GCC_PREFIX_HEADER" = "/Users/truongps/libgdx-kotlin-pokemon/pokemon/ios/robovm-build/xcode/.ib/Prefix.pch";
						};
					"name" = "Release";
				};
			"100000000000000000000003" =
				{
					"isa" = "XCConfigurationList";
					"buildConfigurations" =
						("100000000000000000000004", "100000000000000000000005");
					"defaultConfigurationIsVisible" = "0";
					"defaultConfigurationName" = "Release";
				};
			"147932594D53443A898E71B1" =
				{
					"isa" = "PBXGroup";
					"children" =
						("549A2EB1AC6F4554BEB43F61", "6E71ACC178A74F548E6A4727", "3558D28F91FF49178DE3214A",
 "5EDEAF4DAD6C415ABBE52F07", "C45177B4CED84CA0A01953B8", "2924C3EBB4A64856A444388E",
 "2A3AA860182049BDA625733A", "A1D918DE29524124B290558D", "5E2C776B7F7E434E97671B85",
 "A749777B60F149048F4DCC86", "7F760B42742A40EFA9900B99", "9E6A8C44297B4C3B91E28E8A",
 "9C34E8C533F94E6E83A175B6");
					"name" = "Resources";
					"sourceTree" = "<absolute>";
					"path" = "/Users/truongps/libgdx-kotlin-pokemon/pokemon/ios/data";
				};
			"6DEEFB5AC9C644EDAE2E1546" =
				{
					"isa" = "PBXFileReference";
					"name" = "Info.plist";
					"explicitFileType" = "text.plist.info";
					"sourceTree" = "<group>";
					"path" = "Info.plist.xml";
				};
			"5FB51FB43EE34DEE8BFE0877" =
				{
					"isa" = "PBXGroup";
					"children" =
						("6DEEFB5AC9C644EDAE2E1546");
					"name" = "Supporting Files";
					"sourceTree" = "<absolute>";
					"path" = "/Users/truongps/libgdx-kotlin-pokemon/pokemon/ios";
				};
			"5BD5F4023C5A4F2A85CF9EFB" =
				{
					"isa" = "PBXFileReference";
					"name" = "background.png";
					"lastKnownFileType" = "image.png";
					"sourceTree" = "<group>";
					"path" = "background.png";
				};
			"549A2EB1AC6F4554BEB43F61" =
				{
					"isa" = "PBXGroup";
					"children" =
						("C239C2942B4146339FF29FBF");
					"name" = "atlas";
					"sourceTree" = "<group>";
					"path" = "atlas";
				};
			"C239C2942B4146339FF29FBF" =
				{
					"isa" = "PBXGroup";
					"children" =
						("5BD5F4023C5A4F2A85CF9EFB", "C964C3B854384AD7A5D8A679", "90991050D4DB4B6896733EFC",
 "70490380D478460EB09BC531", "45FF589CEAC14FC6A7194380", "B18533B33D844F09B630B2CB",
 "E67EC6550DF949D48BAD3A9B", "A2FAECDC833A4473BAC56FEC", "998044B5C0904E85A1AA1E3E",
 "D65339266AB244E5867D860E");
					"name" = "640960";
					"sourceTree" = "<group>";
					"path" = "640960";
				};
			"C964C3B854384AD7A5D8A679" =
				{
					"isa" = "PBXFileReference";
					"name" = "background2.png";
					"lastKnownFileType" = "image.png";
					"sourceTree" = "<group>";
					"path" = "background2.png";
				};
			"90991050D4DB4B6896733EFC" =
				{
					"isa" = "PBXFileReference";
					"name" = "background3.png";
					"lastKnownFileType" = "image.png";
					"sourceTree" = "<group>";
					"path" = "background3.png";
				};
			"A2FAECDC833A4473BAC56FEC" =
				{
					"isa" = "PBXFileReference";
					"name" = "pokemons.png";
					"lastKnownFileType" = "image.png";
					"sourceTree" = "<group>";
					"path" = "pokemons.png";
				};
			"998044B5C0904E85A1AA1E3E" =
				{
					"isa" = "PBXFileReference";
					"name" = "uis.png";
					"lastKnownFileType" = "image.png";
					"sourceTree" = "<group>";
					"path" = "uis.png";
				};
			"32B5735A78CE412D95A4AECC" =
				{
					"isa" = "PBXFileReference";
					"name" = "font.png";
					"lastKnownFileType" = "image.png";
					"sourceTree" = "<group>";
					"path" = "font.png";
				};
			"6E71ACC178A74F548E6A4727" =
				{
					"isa" = "PBXGroup";
					"children" =
						("E2FE18029C7E4F40A4B9B932", "32B5735A78CE412D95A4AECC");
					"name" = "fonts";
					"sourceTree" = "<group>";
					"path" = "fonts";
				};
			"70490380D478460EB09BC531" =
				{
					"isa" = "PBXFileReference";
					"name" = "helps.png";
					"lastKnownFileType" = "image.png";
					"sourceTree" = "<group>";
					"path" = "helps.png";
				};
			"45FF589CEAC14FC6A7194380" =
				{
					"isa" = "PBXFileReference";
					"name" = "helps2.png";
					"lastKnownFileType" = "image.png";
					"sourceTree" = "<group>";
					"path" = "helps2.png";
				};
			"B18533B33D844F09B630B2CB" =
				{
					"isa" = "PBXFileReference";
					"name" = "helps3.png";
					"lastKnownFileType" = "image.png";
					"sourceTree" = "<group>";
					"path" = "helps3.png";
				};
			"E67EC6550DF949D48BAD3A9B" =
				{
					"isa" = "PBXFileReference";
					"name" = "helps4.png";
					"lastKnownFileType" = "image.png";
					"sourceTree" = "<group>";
					"path" = "helps4.png";
				};
			"D65339266AB244E5867D860E" =
				{
					"isa" = "PBXFileReference";
					"name" = "uis2.png";
					"lastKnownFileType" = "image.png";
					"sourceTree" = "<group>";
					"path" = "uis2.png";
				};
			"E2FE18029C7E4F40A4B9B932" =
				{
					"isa" = "PBXFileReference";
					"name" = "default.png";
					"lastKnownFileType" = "image.png";
					"sourceTree" = "<group>";
					"path" = "default.png";
				};
			"3558D28F91FF49178DE3214A" =
				{
					"isa" = "PBXFileReference";
					"name" = "Default-375w-667h@2x.png";
					"lastKnownFileType" = "image.png";
					"sourceTree" = "<group>";
					"path" = "Default-375w-667h@2x.png";
				};
			"5EDEAF4DAD6C415ABBE52F07" =
				{
					"isa" = "PBXFileReference";
					"name" = "Default-414w-736h@3x.png";
					"lastKnownFileType" = "image.png";
					"sourceTree" = "<group>";
					"path" = "Default-414w-736h@3x.png";
				};
			"C45177B4CED84CA0A01953B8" =
				{
					"isa" = "PBXFileReference";
					"name" = "Default-568h@2x.png";
					"lastKnownFileType" = "image.png";
					"sourceTree" = "<group>";
					"path" = "Default-568h@2x.png";
				};
			"2924C3EBB4A64856A444388E" =
				{
					"isa" = "PBXFileReference";
					"name" = "Default.png";
					"lastKnownFileType" = "image.png";
					"sourceTree" = "<group>";
					"path" = "Default.png";
				};
			"2A3AA860182049BDA625733A" =
				{
					"isa" = "PBXFileReference";
					"name" = "Default@2x.png";
					"lastKnownFileType" = "image.png";
					"sourceTree" = "<group>";
					"path" = "Default@2x.png";
				};
			"A1D918DE29524124B290558D" =
				{
					"isa" = "PBXFileReference";
					"name" = "Default@2x~ipad.png";
					"lastKnownFileType" = "image.png";
					"sourceTree" = "<group>";
					"path" = "Default@2x~ipad.png";
				};
			"5E2C776B7F7E434E97671B85" =
				{
					"isa" = "PBXFileReference";
					"name" = "Default~ipad.png";
					"lastKnownFileType" = "image.png";
					"sourceTree" = "<group>";
					"path" = "Default~ipad.png";
				};
			"A749777B60F149048F4DCC86" =
				{
					"isa" = "PBXFileReference";
					"name" = "Icon-72.png";
					"lastKnownFileType" = "image.png";
					"sourceTree" = "<group>";
					"path" = "Icon-72.png";
				};
			"7F760B42742A40EFA9900B99" =
				{
					"isa" = "PBXFileReference";
					"name" = "Icon-72@2x.png";
					"lastKnownFileType" = "image.png";
					"sourceTree" = "<group>";
					"path" = "Icon-72@2x.png";
				};
			"9E6A8C44297B4C3B91E28E8A" =
				{
					"isa" = "PBXFileReference";
					"name" = "Icon.png";
					"lastKnownFileType" = "image.png";
					"sourceTree" = "<group>";
					"path" = "Icon.png";
				};
			"9C34E8C533F94E6E83A175B6" =
				{
					"isa" = "PBXFileReference";
					"name" = "Icon@2x.png";
					"lastKnownFileType" = "image.png";
					"sourceTree" = "<group>";
					"path" = "Icon@2x.png";
				};
		};
	"rootObject" = "100000000000000000000001";
}
